PODS:
  - Flutter (1.0.0)
  - flutter_is_emulator (0.0.1):
    - Flutter

DEPENDENCIES:
  - Flutter (from `Flutter`)
  - flutter_is_emulator (from `.symlinks/plugins/flutter_is_emulator/ios`)

EXTERNAL SOURCES:
  Flutter:
    :path: Flutter
  flutter_is_emulator:
    :path: ".symlinks/plugins/flutter_is_emulator/ios"

SPEC CHECKSUMS:
  Flutter: 0e3d915762c693b495b44d77113d4970485de6ec
  flutter_is_emulator: b1d882329a081ea30e0e335f1dbe782f5a34242a

PODFILE CHECKSUM: c34e2287a9ccaa606aeceab922830efb9a6ff69a

COCOAPODS: 1.8.4
